
Microsoft Visual Studio Solution File, Format Version 12.00
# Visual Studio Version 16
VisualStudioVersion = 16.0.31702.278
MinimumVisualStudioVersion = 10.0.40219.1
Project("{9A19103F-16F7-4668-BE54-9A1E7A4F7556}") = "Prague_Parking_1.0", "Prague_Parking_1.0\Prague_Parking_1.0.csproj", "{53EF0C45-A62C-469C-BFE9-571D83DD53A0}"
EndProject
Project("{FAE04EC0-301F-11D3-BF4B-00C04F79EFBC}") = "Prague_Parking_1.1", "Prague_Parking_1.1\Prague_Parking_1.1.csproj", "{4884B3BC-4FCE-4153-B860-ECEFE0D6AED7}"
EndProject
Global
	GlobalSection(SolutionConfigurationPlatforms) = preSolution
		Debug|Any CPU = Debug|Any CPU
		Release|Any CPU = Release|Any CPU
	EndGlobalSection
	GlobalSection(ProjectConfigurationPlatforms) = postSolution
		{53EF0C45-A62C-469C-BFE9-571D83DD53A0}.Debug|Any CPU.ActiveCfg = Debug|Any CPU
		{53EF0C45-A62C-469C-BFE9-571D83DD53A0}.Debug|Any CPU.Build.0 = Debug|Any CPU
		{53EF0C45-A62C-469C-BFE9-571D83DD53A0}.Release|Any CPU.ActiveCfg = Release|Any CPU
		{53EF0C45-A62C-469C-BFE9-571D83DD53A0}.Release|Any CPU.Build.0 = Release|Any CPU
		{4884B3BC-4FCE-4153-B860-ECEFE0D6AED7}.Debug|Any CPU.ActiveCfg = Debug|Any CPU
		{4884B3BC-4FCE-4153-B860-ECEFE0D6AED7}.Debug|Any CPU.Build.0 = Debug|Any CPU
		{4884B3BC-4FCE-4153-B860-ECEFE0D6AED7}.Release|Any CPU.ActiveCfg = Release|Any CPU
		{4884B3BC-4FCE-4153-B860-ECEFE0D6AED7}.Release|Any CPU.Build.0 = Release|Any CPU
	EndGlobalSection
	GlobalSection(SolutionProperties) = preSolution
		HideSolutionNode = FALSE
	EndGlobalSection
	GlobalSection(ExtensibilityGlobals) = postSolution
		SolutionGuid = {3335E92F-40A9-4AD5-9497-D2820DC820EA}
	EndGlobalSection
EndGlobal
